
Microsoft Visual Studio Solution File, Format Version 12.00
Project("{FAE04EC0-301F-11D3-BF4B-00C04F79EFBC}") = "Delegates", "Delegates\Delegates.csproj", "{3A1C9B23-D429-4801-9562-E96397EBA05F}"
EndProject
Project("{FAE04EC0-301F-11D3-BF4B-00C04F79EFBC}") = "Lambdas", "Lambdas\Lambdas.csproj", "{94835737-48AF-45FD-848A-5E6FF9D49107}"
EndProject
Global
	GlobalSection(SolutionConfigurationPlatforms) = preSolution
		Debug|Any CPU = Debug|Any CPU
		Release|Any CPU = Release|Any CPU
	EndGlobalSection
	GlobalSection(ProjectConfigurationPlatforms) = postSolution
		{3A1C9B23-D429-4801-9562-E96397EBA05F}.Debug|Any CPU.ActiveCfg = Debug|Any CPU
		{3A1C9B23-D429-4801-9562-E96397EBA05F}.Debug|Any CPU.Build.0 = Debug|Any CPU
		{3A1C9B23-D429-4801-9562-E96397EBA05F}.Release|Any CPU.ActiveCfg = Release|Any CPU
		{3A1C9B23-D429-4801-9562-E96397EBA05F}.Release|Any CPU.Build.0 = Release|Any CPU
		{94835737-48AF-45FD-848A-5E6FF9D49107}.Debug|Any CPU.ActiveCfg = Debug|Any CPU
		{94835737-48AF-45FD-848A-5E6FF9D49107}.Debug|Any CPU.Build.0 = Debug|Any CPU
		{94835737-48AF-45FD-848A-5E6FF9D49107}.Release|Any CPU.ActiveCfg = Release|Any CPU
		{94835737-48AF-45FD-848A-5E6FF9D49107}.Release|Any CPU.Build.0 = Release|Any CPU
	EndGlobalSection
EndGlobal
